
Microsoft Visual Studio Solution File, Format Version 12.00
Project("{FAE04EC0-301F-11D3-BF4B-00C04F79EFBC}") = "FoodSafetyTracker.MVC", "FoodSafetyTracker.MVC\FoodSafetyTracker.MVC.csproj", "{2153FDB4-6DB5-40B0-97C5-48815C50C51E}"
EndProject
Project("{FAE04EC0-301F-11D3-BF4B-00C04F79EFBC}") = "FoodSafetyTracker.Domain", "FoodSafetyTracker.Domain\FoodSafetyTracker.Domain.csproj", "{D8908462-72E7-4EEB-9912-60A8A64EF8DF}"
EndProject
Project("{FAE04EC0-301F-11D3-BF4B-00C04F79EFBC}") = "FoodSafetyTracker.Tests", "FoodSafetyTracker.Tests\FoodSafetyTracker.Tests.csproj", "{15D3A408-9B10-4A49-9A75-5A62F01AAB34}"
EndProject
Global
	GlobalSection(SolutionConfigurationPlatforms) = preSolution
		Debug|Any CPU = Debug|Any CPU
		Release|Any CPU = Release|Any CPU
	EndGlobalSection
	GlobalSection(ProjectConfigurationPlatforms) = postSolution
		{2153FDB4-6DB5-40B0-97C5-48815C50C51E}.Debug|Any CPU.ActiveCfg = Debug|Any CPU
		{2153FDB4-6DB5-40B0-97C5-48815C50C51E}.Debug|Any CPU.Build.0 = Debug|Any CPU
		{2153FDB4-6DB5-40B0-97C5-48815C50C51E}.Release|Any CPU.ActiveCfg = Release|Any CPU
		{2153FDB4-6DB5-40B0-97C5-48815C50C51E}.Release|Any CPU.Build.0 = Release|Any CPU
		{D8908462-72E7-4EEB-9912-60A8A64EF8DF}.Debug|Any CPU.ActiveCfg = Debug|Any CPU
		{D8908462-72E7-4EEB-9912-60A8A64EF8DF}.Debug|Any CPU.Build.0 = Debug|Any CPU
		{D8908462-72E7-4EEB-9912-60A8A64EF8DF}.Release|Any CPU.ActiveCfg = Release|Any CPU
		{D8908462-72E7-4EEB-9912-60A8A64EF8DF}.Release|Any CPU.Build.0 = Release|Any CPU
		{15D3A408-9B10-4A49-9A75-5A62F01AAB34}.Debug|Any CPU.ActiveCfg = Debug|Any CPU
		{15D3A408-9B10-4A49-9A75-5A62F01AAB34}.Debug|Any CPU.Build.0 = Debug|Any CPU
		{15D3A408-9B10-4A49-9A75-5A62F01AAB34}.Release|Any CPU.ActiveCfg = Release|Any CPU
		{15D3A408-9B10-4A49-9A75-5A62F01AAB34}.Release|Any CPU.Build.0 = Release|Any CPU
	EndGlobalSection
EndGlobal
